
Microsoft Visual Studio Solution File, Format Version 12.00
# Visual Studio 15
Project("{FAE04EC0-301F-11D3-BF4B-00C04F79EFBC}") = "LearningUnity", "LearningUnity.csproj", "{91496BB2-284D-2035-E380-D1A649CE30BC}"
EndProject
Global
	GlobalSection(SolutionConfigurationPlatforms) = preSolution
		Debug|Any CPU = Debug|Any CPU
		Release|Any CPU = Release|Any CPU
	EndGlobalSection
	GlobalSection(ProjectConfigurationPlatforms) = postSolution
		{91496BB2-284D-2035-E380-D1A649CE30BC}.Debug|Any CPU.ActiveCfg = Debug|Any CPU
		{91496BB2-284D-2035-E380-D1A649CE30BC}.Debug|Any CPU.Build.0 = Debug|Any CPU
		{91496BB2-284D-2035-E380-D1A649CE30BC}.Release|Any CPU.ActiveCfg = Release|Any CPU
		{91496BB2-284D-2035-E380-D1A649CE30BC}.Release|Any CPU.Build.0 = Release|Any CPU
	EndGlobalSection
	GlobalSection(SolutionProperties) = preSolution
		HideSolutionNode = FALSE
	EndGlobalSection
EndGlobal
